
Microsoft Visual Studio Solution File, Format Version 12.00
# Visual Studio Version 17
VisualStudioVersion = 17.5.33424.131
MinimumVisualStudioVersion = 10.0.40219.1
Project("{FAE04EC0-301F-11D3-BF4B-00C04F79EFBC}") = "Mapping_Role_Authorization", "Mapping_Role_Authorization.csproj", "{DBE85B08-BBEB-4585-BDB1-2A3DA4AD9A35}"
EndProject
Global
	GlobalSection(SolutionConfigurationPlatforms) = preSolution
		Debug|Any CPU = Debug|Any CPU
		Release|Any CPU = Release|Any CPU
	EndGlobalSection
	GlobalSection(ProjectConfigurationPlatforms) = postSolution
		{DBE85B08-BBEB-4585-BDB1-2A3DA4AD9A35}.Debug|Any CPU.ActiveCfg = Debug|Any CPU
		{DBE85B08-BBEB-4585-BDB1-2A3DA4AD9A35}.Debug|Any CPU.Build.0 = Debug|Any CPU
		{DBE85B08-BBEB-4585-BDB1-2A3DA4AD9A35}.Release|Any CPU.ActiveCfg = Release|Any CPU
		{DBE85B08-BBEB-4585-BDB1-2A3DA4AD9A35}.Release|Any CPU.Build.0 = Release|Any CPU
	EndGlobalSection
	GlobalSection(SolutionProperties) = preSolution
		HideSolutionNode = FALSE
	EndGlobalSection
	GlobalSection(ExtensibilityGlobals) = postSolution
		SolutionGuid = {13880DEA-4B9C-4B0D-BA51-517A444D91E0}
	EndGlobalSection
EndGlobal
